
Microsoft Visual Studio Solution File, Format Version 12.00
# Visual Studio Version 17
VisualStudioVersion = 17.5.002.0
MinimumVisualStudioVersion = 10.0.40219.1
Project("{9A19103F-16F7-4668-BE54-9A1E7A4F7556}") = "desafio1", "desafio1\desafio1.csproj", "{D55965BB-3004-43A3-A8E0-D71E08894044}"
EndProject
Project("{9A19103F-16F7-4668-BE54-9A1E7A4F7556}") = "desafio3", "desafio3\desafio3.csproj", "{A3A59D62-3EE8-4E70-BCF4-1ECBE856E46D}"
EndProject
Global
	GlobalSection(SolutionConfigurationPlatforms) = preSolution
		Debug|Any CPU = Debug|Any CPU
		Release|Any CPU = Release|Any CPU
	EndGlobalSection
	GlobalSection(ProjectConfigurationPlatforms) = postSolution
		{D55965BB-3004-43A3-A8E0-D71E08894044}.Debug|Any CPU.ActiveCfg = Debug|Any CPU
		{D55965BB-3004-43A3-A8E0-D71E08894044}.Debug|Any CPU.Build.0 = Debug|Any CPU
		{D55965BB-3004-43A3-A8E0-D71E08894044}.Release|Any CPU.ActiveCfg = Release|Any CPU
		{D55965BB-3004-43A3-A8E0-D71E08894044}.Release|Any CPU.Build.0 = Release|Any CPU
		{A3A59D62-3EE8-4E70-BCF4-1ECBE856E46D}.Debug|Any CPU.ActiveCfg = Debug|Any CPU
		{A3A59D62-3EE8-4E70-BCF4-1ECBE856E46D}.Debug|Any CPU.Build.0 = Debug|Any CPU
		{A3A59D62-3EE8-4E70-BCF4-1ECBE856E46D}.Release|Any CPU.ActiveCfg = Release|Any CPU
		{A3A59D62-3EE8-4E70-BCF4-1ECBE856E46D}.Release|Any CPU.Build.0 = Release|Any CPU
	EndGlobalSection
	GlobalSection(SolutionProperties) = preSolution
		HideSolutionNode = FALSE
	EndGlobalSection
	GlobalSection(ExtensibilityGlobals) = postSolution
		SolutionGuid = {DE62C927-C324-443D-854E-1E15AB00AFD3}
	EndGlobalSection
EndGlobal
